
Microsoft Visual Studio Solution File, Format Version 12.00
Project("{FAE04EC0-301F-11D3-BF4B-00C04F79EFBC}") = "Late4dTrain.Result", "Late4dTrain.Result\Late4dTrain.Result.csproj", "{AD4BBABF-A9D3-4880-895C-9F7CAEC8EB4F}"
EndProject
Project("{FAE04EC0-301F-11D3-BF4B-00C04F79EFBC}") = "Late4dTrain.Result.Tests", "Late4dTrain.Result.Tests\Late4dTrain.Result.Tests.csproj", "{4AF544CA-A934-4853-911A-DB9E481CA52B}"
EndProject
Global
	GlobalSection(SolutionConfigurationPlatforms) = preSolution
		Debug|Any CPU = Debug|Any CPU
		Release|Any CPU = Release|Any CPU
	EndGlobalSection
	GlobalSection(ProjectConfigurationPlatforms) = postSolution
		{AD4BBABF-A9D3-4880-895C-9F7CAEC8EB4F}.Debug|Any CPU.ActiveCfg = Debug|Any CPU
		{AD4BBABF-A9D3-4880-895C-9F7CAEC8EB4F}.Debug|Any CPU.Build.0 = Debug|Any CPU
		{AD4BBABF-A9D3-4880-895C-9F7CAEC8EB4F}.Release|Any CPU.ActiveCfg = Release|Any CPU
		{AD4BBABF-A9D3-4880-895C-9F7CAEC8EB4F}.Release|Any CPU.Build.0 = Release|Any CPU
		{4AF544CA-A934-4853-911A-DB9E481CA52B}.Debug|Any CPU.ActiveCfg = Debug|Any CPU
		{4AF544CA-A934-4853-911A-DB9E481CA52B}.Debug|Any CPU.Build.0 = Debug|Any CPU
		{4AF544CA-A934-4853-911A-DB9E481CA52B}.Release|Any CPU.ActiveCfg = Release|Any CPU
		{4AF544CA-A934-4853-911A-DB9E481CA52B}.Release|Any CPU.Build.0 = Release|Any CPU
	EndGlobalSection
EndGlobal
